
Microsoft Visual Studio Solution File, Format Version 12.00
# Visual Studio Version 17
VisualStudioVersion = 17.6.33417.168
MinimumVisualStudioVersion = 10.0.40219.1
Project("{FAE04EC0-301F-11D3-BF4B-00C04F79EFBC}") = "AllInAI.Sharp.API.Sample", "AllInAI.Sharp.API.Sample.csproj", "{30A5D6E2-858B-4EDC-9705-A630386AF41D}"
EndProject
Global
	GlobalSection(SolutionConfigurationPlatforms) = preSolution
		Debug|Any CPU = Debug|Any CPU
		Release|Any CPU = Release|Any CPU
	EndGlobalSection
	GlobalSection(ProjectConfigurationPlatforms) = postSolution
		{30A5D6E2-858B-4EDC-9705-A630386AF41D}.Debug|Any CPU.ActiveCfg = Debug|Any CPU
		{30A5D6E2-858B-4EDC-9705-A630386AF41D}.Debug|Any CPU.Build.0 = Debug|Any CPU
		{30A5D6E2-858B-4EDC-9705-A630386AF41D}.Release|Any CPU.ActiveCfg = Release|Any CPU
		{30A5D6E2-858B-4EDC-9705-A630386AF41D}.Release|Any CPU.Build.0 = Release|Any CPU
	EndGlobalSection
	GlobalSection(SolutionProperties) = preSolution
		HideSolutionNode = FALSE
	EndGlobalSection
	GlobalSection(ExtensibilityGlobals) = postSolution
		SolutionGuid = {2865F643-56F7-4DCA-9FDA-6C4214924523}
	EndGlobalSection
EndGlobal
